
Microsoft Visual Studio Solution File, Format Version 12.00
# Visual Studio Version 17
VisualStudioVersion = 17.8.34316.72
MinimumVisualStudioVersion = 10.0.40219.1
Project("{9A19103F-16F7-4668-BE54-9A1E7A4F7556}") = "MassTransit.Demo.Publisher", "MassTransit.Demo.Publisher\MassTransit.Demo.Publisher.csproj", "{31C0E105-B2E3-4E19-BAFD-73F4ED88459F}"
EndProject
Project("{FAE04EC0-301F-11D3-BF4B-00C04F79EFBC}") = "MassTransit.Demo.Common", "MassTransit.Demo.Common\MassTransit.Demo.Common.csproj", "{A76A6AF1-A3ED-4655-AE9F-241B590C5CB9}"
EndProject
Project("{FAE04EC0-301F-11D3-BF4B-00C04F79EFBC}") = "MassTransit.Demo.Consumer", "MassTransit.Demo.Consumer\MassTransit.Demo.Consumer.csproj", "{DD4659FF-6521-4517-9E00-527EAAD199A5}"
EndProject
Global
	GlobalSection(SolutionConfigurationPlatforms) = preSolution
		Debug|Any CPU = Debug|Any CPU
		Release|Any CPU = Release|Any CPU
	EndGlobalSection
	GlobalSection(ProjectConfigurationPlatforms) = postSolution
		{31C0E105-B2E3-4E19-BAFD-73F4ED88459F}.Debug|Any CPU.ActiveCfg = Debug|Any CPU
		{31C0E105-B2E3-4E19-BAFD-73F4ED88459F}.Debug|Any CPU.Build.0 = Debug|Any CPU
		{31C0E105-B2E3-4E19-BAFD-73F4ED88459F}.Release|Any CPU.ActiveCfg = Release|Any CPU
		{31C0E105-B2E3-4E19-BAFD-73F4ED88459F}.Release|Any CPU.Build.0 = Release|Any CPU
		{A76A6AF1-A3ED-4655-AE9F-241B590C5CB9}.Debug|Any CPU.ActiveCfg = Debug|Any CPU
		{A76A6AF1-A3ED-4655-AE9F-241B590C5CB9}.Debug|Any CPU.Build.0 = Debug|Any CPU
		{A76A6AF1-A3ED-4655-AE9F-241B590C5CB9}.Release|Any CPU.ActiveCfg = Release|Any CPU
		{A76A6AF1-A3ED-4655-AE9F-241B590C5CB9}.Release|Any CPU.Build.0 = Release|Any CPU
		{DD4659FF-6521-4517-9E00-527EAAD199A5}.Debug|Any CPU.ActiveCfg = Debug|Any CPU
		{DD4659FF-6521-4517-9E00-527EAAD199A5}.Debug|Any CPU.Build.0 = Debug|Any CPU
		{DD4659FF-6521-4517-9E00-527EAAD199A5}.Release|Any CPU.ActiveCfg = Release|Any CPU
		{DD4659FF-6521-4517-9E00-527EAAD199A5}.Release|Any CPU.Build.0 = Release|Any CPU
	EndGlobalSection
	GlobalSection(SolutionProperties) = preSolution
		HideSolutionNode = FALSE
	EndGlobalSection
	GlobalSection(ExtensibilityGlobals) = postSolution
		SolutionGuid = {0E707D71-F30E-4DC0-AD9D-03EFA03BB6D3}
	EndGlobalSection
EndGlobal
